
Microsoft Visual Studio Solution File, Format Version 12.00
# Visual Studio Version 17
VisualStudioVersion = 17.6.33801.468
MinimumVisualStudioVersion = 10.0.40219.1
Project("{2150E333-8FDC-42A3-9474-1A3956D46DE8}") = "src", "src", "{0DF965A1-8F3D-4CA1-8F5F-E291D27F8A0F}"
EndProject
Project("{2150E333-8FDC-42A3-9474-1A3956D46DE8}") = "BuildingBlocks", "BuildingBlocks", "{8C532312-FCC8-493B-8193-842AFE1A0B10}"
EndProject
Project("{2150E333-8FDC-42A3-9474-1A3956D46DE8}") = "Services", "Services", "{74AD958E-21DB-43C4-AA2C-CCDAAA59A50F}"
EndProject
Project("{2150E333-8FDC-42A3-9474-1A3956D46DE8}") = "SharedKernel", "SharedKernel", "{F93DB79D-DAA0-4452-AC2E-B4821D5CEDF7}"
EndProject
Project("{9A19103F-16F7-4668-BE54-9A1E7A4F7556}") = "SharedKernel", "src\BuildingBlocks\SharedKernel\SharedKernel.csproj", "{EFFFB4EB-527C-4697-B66D-BC772CF10532}"
EndProject
Project("{2150E333-8FDC-42A3-9474-1A3956D46DE8}") = "NewsLetterService", "NewsLetterService", "{D7FF13AF-E163-4232-9AD3-31C35E138CC7}"
EndProject
Project("{FAE04EC0-301F-11D3-BF4B-00C04F79EFBC}") = "NewsLetterService.Application", "Services\NewsLetterService\NewsLetterService.Application\NewsLetterService.Application.csproj", "{2F675A5A-F016-41AF-A836-4E30A614727B}"
EndProject
Project("{FAE04EC0-301F-11D3-BF4B-00C04F79EFBC}") = "NewsLetterService.Domain", "Services\NewsLetterService\NewsLetterService.Domain\NewsLetterService.Domain.csproj", "{42C8109D-CC52-4EDB-A7B9-19CA3FC99DB6}"
EndProject
Project("{FAE04EC0-301F-11D3-BF4B-00C04F79EFBC}") = "NewsLetterService.Infrastructure", "Services\NewsLetterService\NewsLetterService.Infrastructure\NewsLetterService.Infrastructure.csproj", "{D2666A89-352D-46E8-8331-7B1BACFB5606}"
EndProject
Project("{FAE04EC0-301F-11D3-BF4B-00C04F79EFBC}") = "NewsLetterService.API", "Services\NewsLetterService\NewsLetterService.API\NewsLetterService.API.csproj", "{F3C5E745-3740-4E6D-80D9-CA2076077403}"
EndProject
Project("{2150E333-8FDC-42A3-9474-1A3956D46DE8}") = "CDN", "CDN", "{411582DD-CD92-42A1-9CB1-25E356E2600F}"
EndProject
Project("{FAE04EC0-301F-11D3-BF4B-00C04F79EFBC}") = "CDN.API", "Services\CDN\CDN.API\CDN.API.csproj", "{1A21E2CF-2FAD-4977-9258-2C45AD638A28}"
EndProject
Project("{FAE04EC0-301F-11D3-BF4B-00C04F79EFBC}") = "CDN.Application", "Services\CDN\CDN.Application\CDN.Application.csproj", "{8FC94B4E-80EC-409D-93B0-33670E6D7A6B}"
EndProject
Project("{FAE04EC0-301F-11D3-BF4B-00C04F79EFBC}") = "CDN.Infrastructure", "Services\CDN\CDN.Infrastructure\CDN.Infrastructure.csproj", "{F6DD8E60-DC8E-4163-9318-80E2F05991EF}"
EndProject
Project("{FAE04EC0-301F-11D3-BF4B-00C04F79EFBC}") = "CDN.Domain", "Services\CDN\CDN.Domain\CDN.Domain.csproj", "{7389DFD1-A7AC-4927-B4D5-56E9D4186439}"
EndProject
Global
	GlobalSection(SolutionConfigurationPlatforms) = preSolution
		Debug|Any CPU = Debug|Any CPU
		Release|Any CPU = Release|Any CPU
	EndGlobalSection
	GlobalSection(ProjectConfigurationPlatforms) = postSolution
		{EFFFB4EB-527C-4697-B66D-BC772CF10532}.Debug|Any CPU.ActiveCfg = Debug|Any CPU
		{EFFFB4EB-527C-4697-B66D-BC772CF10532}.Debug|Any CPU.Build.0 = Debug|Any CPU
		{EFFFB4EB-527C-4697-B66D-BC772CF10532}.Release|Any CPU.ActiveCfg = Release|Any CPU
		{EFFFB4EB-527C-4697-B66D-BC772CF10532}.Release|Any CPU.Build.0 = Release|Any CPU
		{2F675A5A-F016-41AF-A836-4E30A614727B}.Debug|Any CPU.ActiveCfg = Debug|Any CPU
		{2F675A5A-F016-41AF-A836-4E30A614727B}.Debug|Any CPU.Build.0 = Debug|Any CPU
		{2F675A5A-F016-41AF-A836-4E30A614727B}.Release|Any CPU.ActiveCfg = Release|Any CPU
		{2F675A5A-F016-41AF-A836-4E30A614727B}.Release|Any CPU.Build.0 = Release|Any CPU
		{42C8109D-CC52-4EDB-A7B9-19CA3FC99DB6}.Debug|Any CPU.ActiveCfg = Debug|Any CPU
		{42C8109D-CC52-4EDB-A7B9-19CA3FC99DB6}.Debug|Any CPU.Build.0 = Debug|Any CPU
		{42C8109D-CC52-4EDB-A7B9-19CA3FC99DB6}.Release|Any CPU.ActiveCfg = Release|Any CPU
		{42C8109D-CC52-4EDB-A7B9-19CA3FC99DB6}.Release|Any CPU.Build.0 = Release|Any CPU
		{D2666A89-352D-46E8-8331-7B1BACFB5606}.Debug|Any CPU.ActiveCfg = Debug|Any CPU
		{D2666A89-352D-46E8-8331-7B1BACFB5606}.Debug|Any CPU.Build.0 = Debug|Any CPU
		{D2666A89-352D-46E8-8331-7B1BACFB5606}.Release|Any CPU.ActiveCfg = Release|Any CPU
		{D2666A89-352D-46E8-8331-7B1BACFB5606}.Release|Any CPU.Build.0 = Release|Any CPU
		{F3C5E745-3740-4E6D-80D9-CA2076077403}.Debug|Any CPU.ActiveCfg = Debug|Any CPU
		{F3C5E745-3740-4E6D-80D9-CA2076077403}.Debug|Any CPU.Build.0 = Debug|Any CPU
		{F3C5E745-3740-4E6D-80D9-CA2076077403}.Release|Any CPU.ActiveCfg = Release|Any CPU
		{F3C5E745-3740-4E6D-80D9-CA2076077403}.Release|Any CPU.Build.0 = Release|Any CPU
		{1A21E2CF-2FAD-4977-9258-2C45AD638A28}.Debug|Any CPU.ActiveCfg = Debug|Any CPU
		{1A21E2CF-2FAD-4977-9258-2C45AD638A28}.Debug|Any CPU.Build.0 = Debug|Any CPU
		{1A21E2CF-2FAD-4977-9258-2C45AD638A28}.Release|Any CPU.ActiveCfg = Release|Any CPU
		{1A21E2CF-2FAD-4977-9258-2C45AD638A28}.Release|Any CPU.Build.0 = Release|Any CPU
		{8FC94B4E-80EC-409D-93B0-33670E6D7A6B}.Debug|Any CPU.ActiveCfg = Debug|Any CPU
		{8FC94B4E-80EC-409D-93B0-33670E6D7A6B}.Debug|Any CPU.Build.0 = Debug|Any CPU
		{8FC94B4E-80EC-409D-93B0-33670E6D7A6B}.Release|Any CPU.ActiveCfg = Release|Any CPU
		{8FC94B4E-80EC-409D-93B0-33670E6D7A6B}.Release|Any CPU.Build.0 = Release|Any CPU
		{F6DD8E60-DC8E-4163-9318-80E2F05991EF}.Debug|Any CPU.ActiveCfg = Debug|Any CPU
		{F6DD8E60-DC8E-4163-9318-80E2F05991EF}.Debug|Any CPU.Build.0 = Debug|Any CPU
		{F6DD8E60-DC8E-4163-9318-80E2F05991EF}.Release|Any CPU.ActiveCfg = Release|Any CPU
		{F6DD8E60-DC8E-4163-9318-80E2F05991EF}.Release|Any CPU.Build.0 = Release|Any CPU
		{7389DFD1-A7AC-4927-B4D5-56E9D4186439}.Debug|Any CPU.ActiveCfg = Debug|Any CPU
		{7389DFD1-A7AC-4927-B4D5-56E9D4186439}.Debug|Any CPU.Build.0 = Debug|Any CPU
		{7389DFD1-A7AC-4927-B4D5-56E9D4186439}.Release|Any CPU.ActiveCfg = Release|Any CPU
		{7389DFD1-A7AC-4927-B4D5-56E9D4186439}.Release|Any CPU.Build.0 = Release|Any CPU
	EndGlobalSection
	GlobalSection(SolutionProperties) = preSolution
		HideSolutionNode = FALSE
	EndGlobalSection
	GlobalSection(NestedProjects) = preSolution
		{8C532312-FCC8-493B-8193-842AFE1A0B10} = {0DF965A1-8F3D-4CA1-8F5F-E291D27F8A0F}
		{74AD958E-21DB-43C4-AA2C-CCDAAA59A50F} = {0DF965A1-8F3D-4CA1-8F5F-E291D27F8A0F}
		{F93DB79D-DAA0-4452-AC2E-B4821D5CEDF7} = {8C532312-FCC8-493B-8193-842AFE1A0B10}
		{EFFFB4EB-527C-4697-B66D-BC772CF10532} = {F93DB79D-DAA0-4452-AC2E-B4821D5CEDF7}
		{D7FF13AF-E163-4232-9AD3-31C35E138CC7} = {74AD958E-21DB-43C4-AA2C-CCDAAA59A50F}
		{2F675A5A-F016-41AF-A836-4E30A614727B} = {D7FF13AF-E163-4232-9AD3-31C35E138CC7}
		{42C8109D-CC52-4EDB-A7B9-19CA3FC99DB6} = {D7FF13AF-E163-4232-9AD3-31C35E138CC7}
		{D2666A89-352D-46E8-8331-7B1BACFB5606} = {D7FF13AF-E163-4232-9AD3-31C35E138CC7}
		{F3C5E745-3740-4E6D-80D9-CA2076077403} = {D7FF13AF-E163-4232-9AD3-31C35E138CC7}
		{411582DD-CD92-42A1-9CB1-25E356E2600F} = {74AD958E-21DB-43C4-AA2C-CCDAAA59A50F}
		{1A21E2CF-2FAD-4977-9258-2C45AD638A28} = {411582DD-CD92-42A1-9CB1-25E356E2600F}
		{8FC94B4E-80EC-409D-93B0-33670E6D7A6B} = {411582DD-CD92-42A1-9CB1-25E356E2600F}
		{F6DD8E60-DC8E-4163-9318-80E2F05991EF} = {411582DD-CD92-42A1-9CB1-25E356E2600F}
		{7389DFD1-A7AC-4927-B4D5-56E9D4186439} = {411582DD-CD92-42A1-9CB1-25E356E2600F}
	EndGlobalSection
	GlobalSection(ExtensibilityGlobals) = postSolution
		SolutionGuid = {18437D12-2E45-44BA-8CFC-336458E3AF05}
	EndGlobalSection
EndGlobal
